// !$*UTF8*$!
{
	archiveVersion = 1;
	classes = {
	};
	objectVersion = 55;
	objects = {

/* Begin PBXBuildFile section */
		3856E43A27AB254900EF954F /* NetworkConstants.swift in Sources */ = {isa = PBXBuildFile; fileRef = 3856E43927AB254900EF954F /* NetworkConstants.swift */; };
		3856E43D27AB283200EF954F /* Alamofire in Frameworks */ = {isa = PBXBuildFile; productRef = 3856E43C27AB283200EF954F /* Alamofire */; };
		3856E44327AB2B7200EF954F /* Character.swift in Sources */ = {isa = PBXBuildFile; fileRef = 3856E44227AB2B7200EF954F /* Character.swift */; };
		3856E44527AB2F8A00EF954F /* CharacterDTO.swift in Sources */ = {isa = PBXBuildFile; fileRef = 3856E44427AB2F8A00EF954F /* CharacterDTO.swift */; };
		3856E44A27ADB08300EF954F /* SearchCategory.swift in Sources */ = {isa = PBXBuildFile; fileRef = 3856E44927ADB08300EF954F /* SearchCategory.swift */; };
		3856E44F27ADB31B00EF954F /* HomeSearchNetworkClient.swift in Sources */ = {isa = PBXBuildFile; fileRef = 3856E44E27ADB31B00EF954F /* HomeSearchNetworkClient.swift */; };
		3856E45127ADB36600EF954F /* HomeSearchRepository.swift in Sources */ = {isa = PBXBuildFile; fileRef = 3856E45027ADB36600EF954F /* HomeSearchRepository.swift */; };
		3856E45327ADB4F100EF954F /* HomeSearchUseCase.swift in Sources */ = {isa = PBXBuildFile; fileRef = 3856E45227ADB4F100EF954F /* HomeSearchUseCase.swift */; };
		3856E45527ADB86100EF954F /* Builder.swift in Sources */ = {isa = PBXBuildFile; fileRef = 3856E45427ADB86100EF954F /* Builder.swift */; };
		3856E45E27ADBA7000EF954F /* HomeSearchRouter.swift in Sources */ = {isa = PBXBuildFile; fileRef = 3856E45D27ADBA7000EF954F /* HomeSearchRouter.swift */; };
		3856E46027ADBA7C00EF954F /* HomeSearchBuilder.swift in Sources */ = {isa = PBXBuildFile; fileRef = 3856E45F27ADBA7C00EF954F /* HomeSearchBuilder.swift */; };
		3856E46227ADBEDF00EF954F /* HomeSearchTableViewController.swift in Sources */ = {isa = PBXBuildFile; fileRef = 3856E46127ADBEDF00EF954F /* HomeSearchTableViewController.swift */; };
		38B7BCCE27B18EF000A2FEDA /* Realm in Frameworks */ = {isa = PBXBuildFile; productRef = 38B7BCCD27B18EF000A2FEDA /* Realm */; };
		38B7BCD027B18EF000A2FEDA /* RealmSwift in Frameworks */ = {isa = PBXBuildFile; productRef = 38B7BCCF27B18EF000A2FEDA /* RealmSwift */; };
		38B7BCD227B1930A00A2FEDA /* RealmManager.swift in Sources */ = {isa = PBXBuildFile; fileRef = 38B7BCD127B1930900A2FEDA /* RealmManager.swift */; };
		38B7BCD827B194B700A2FEDA /* CharacterRealm.swift in Sources */ = {isa = PBXBuildFile; fileRef = 38B7BCD727B194B700A2FEDA /* CharacterRealm.swift */; };
		38B7BCDD27B31CAC00A2FEDA /* Realm+Array.swift in Sources */ = {isa = PBXBuildFile; fileRef = 38B7BCDC27B31CAC00A2FEDA /* Realm+Array.swift */; };
		38D6732627AEBF8400E65315 /* BetterCallSaulCharacters.json in Resources */ = {isa = PBXBuildFile; fileRef = 38D6732527AEBF8400E65315 /* BetterCallSaulCharacters.json */; };
		38D6732827AEBFCF00E65315 /* BreakingBadCharacters.json in Resources */ = {isa = PBXBuildFile; fileRef = 38D6732727AEBFCF00E65315 /* BreakingBadCharacters.json */; };
		38D6732F27AED0C200E65315 /* HomeSearchTableViewCell.swift in Sources */ = {isa = PBXBuildFile; fileRef = 38D6732E27AED0C200E65315 /* HomeSearchTableViewCell.swift */; };
		38D6733527AED2D300E65315 /* UIView+fill.swift in Sources */ = {isa = PBXBuildFile; fileRef = 38D6733427AED2D300E65315 /* UIView+fill.swift */; };
		38D6733827AED43900E65315 /* SDWebImage in Frameworks */ = {isa = PBXBuildFile; productRef = 38D6733727AED43900E65315 /* SDWebImage */; };
		38D6733A27AED47000E65315 /* UIImageView+load.swift in Sources */ = {isa = PBXBuildFile; fileRef = 38D6733927AED47000E65315 /* UIImageView+load.swift */; };
		38D6733C27AED51F00E65315 /* String+Localized.swift in Sources */ = {isa = PBXBuildFile; fileRef = 38D6733B27AED51F00E65315 /* String+Localized.swift */; };
		38D6733E27AED69D00E65315 /* String+Empty.swift in Sources */ = {isa = PBXBuildFile; fileRef = 38D6733D27AED69D00E65315 /* String+Empty.swift */; };
		38D6734227AEF1D500E65315 /* SearchController.swift in Sources */ = {isa = PBXBuildFile; fileRef = 38D6734127AEF1D500E65315 /* SearchController.swift */; };
		38D6734427AEF24900E65315 /* NavigationBarAppearance.swift in Sources */ = {isa = PBXBuildFile; fileRef = 38D6734327AEF24900E65315 /* NavigationBarAppearance.swift */; };
		38D6734627AF1B0D00E65315 /* HomeSearchPresenter.swift in Sources */ = {isa = PBXBuildFile; fileRef = 38D6734527AF1B0D00E65315 /* HomeSearchPresenter.swift */; };
		38D6734B27AF280000E65315 /* SearchDetailBuilder.swift in Sources */ = {isa = PBXBuildFile; fileRef = 38D6734A27AF280000E65315 /* SearchDetailBuilder.swift */; };
		38D6734D27AF280F00E65315 /* SearchDetailRouter.swift in Sources */ = {isa = PBXBuildFile; fileRef = 38D6734C27AF280F00E65315 /* SearchDetailRouter.swift */; };
		38D6734F27AF281D00E65315 /* SearchDetailPresenter.swift in Sources */ = {isa = PBXBuildFile; fileRef = 38D6734E27AF281D00E65315 /* SearchDetailPresenter.swift */; };
		38D6735127AF28AD00E65315 /* SearchDetailTableViewController.swift in Sources */ = {isa = PBXBuildFile; fileRef = 38D6735027AF28AD00E65315 /* SearchDetailTableViewController.swift */; };
		38D6735327AFB0F200E65315 /* HomeSearchFilterNetworkClient.swift in Sources */ = {isa = PBXBuildFile; fileRef = 38D6735227AFB0F200E65315 /* HomeSearchFilterNetworkClient.swift */; };
		38D6735527AFB18500E65315 /* SearchDetailQuotesNetworkClient.swift in Sources */ = {isa = PBXBuildFile; fileRef = 38D6735427AFB18500E65315 /* SearchDetailQuotesNetworkClient.swift */; };
		38D6735727AFB3AB00E65315 /* QuoteDTO.swift in Sources */ = {isa = PBXBuildFile; fileRef = 38D6735627AFB3AB00E65315 /* QuoteDTO.swift */; };
		38D6735927AFB41900E65315 /* Quote.swift in Sources */ = {isa = PBXBuildFile; fileRef = 38D6735827AFB41900E65315 /* Quote.swift */; };
		38D6735B27AFB4CB00E65315 /* SearchDetailQuotesRepository.swift in Sources */ = {isa = PBXBuildFile; fileRef = 38D6735A27AFB4CB00E65315 /* SearchDetailQuotesRepository.swift */; };
		38D6735D27AFB59F00E65315 /* SearchDetailQuotesUseCase.swift in Sources */ = {isa = PBXBuildFile; fileRef = 38D6735C27AFB59F00E65315 /* SearchDetailQuotesUseCase.swift */; };
		38D6736727AFE47900E65315 /* HeaderDetailView.swift in Sources */ = {isa = PBXBuildFile; fileRef = 38D6736627AFE47900E65315 /* HeaderDetailView.swift */; };
		38D6736A27AFEC3E00E65315 /* SearchDetailTableViewCell.swift in Sources */ = {isa = PBXBuildFile; fileRef = 38D6736927AFEC3E00E65315 /* SearchDetailTableViewCell.swift */; };
		8C217B6F27AAE527005E389F /* AppDelegate.swift in Sources */ = {isa = PBXBuildFile; fileRef = 8C217B6E27AAE527005E389F /* AppDelegate.swift */; };
		8C217B7127AAE527005E389F /* SceneDelegate.swift in Sources */ = {isa = PBXBuildFile; fileRef = 8C217B7027AAE527005E389F /* SceneDelegate.swift */; };
		8C217B7827AAE52A005E389F /* Assets.xcassets in Resources */ = {isa = PBXBuildFile; fileRef = 8C217B7727AAE52A005E389F /* Assets.xcassets */; };
		8C217B7B27AAE52A005E389F /* LaunchScreen.storyboard in Resources */ = {isa = PBXBuildFile; fileRef = 8C217B7927AAE52A005E389F /* LaunchScreen.storyboard */; };
		8C217B8627AAE52B005E389F /* MediQuoMobileTestAppTests.swift in Sources */ = {isa = PBXBuildFile; fileRef = 8C217B8527AAE52B005E389F /* MediQuoMobileTestAppTests.swift */; };
		8C217B9027AAE52B005E389F /* MediQuoMobileTestAppUITests.swift in Sources */ = {isa = PBXBuildFile; fileRef = 8C217B8F27AAE52B005E389F /* MediQuoMobileTestAppUITests.swift */; };
		8C217B9227AAE52B005E389F /* MediQuoMobileTestAppUITestsLaunchTests.swift in Sources */ = {isa = PBXBuildFile; fileRef = 8C217B9127AAE52B005E389F /* MediQuoMobileTestAppUITestsLaunchTests.swift */; };
		8C217BA327AAE7F8005E389F /* Localizable.strings in Resources */ = {isa = PBXBuildFile; fileRef = 8C217BA527AAE7F8005E389F /* Localizable.strings */; };
		8C217BB327AAF0DB005E389F /* NetworkClient.swift in Sources */ = {isa = PBXBuildFile; fileRef = 8C217BB227AAF0DB005E389F /* NetworkClient.swift */; };
		8C217BB727AAF1AF005E389F /* NetworkProvider.swift in Sources */ = {isa = PBXBuildFile; fileRef = 8C217BB627AAF1AF005E389F /* NetworkProvider.swift */; };
/* End PBXBuildFile section */

/* Begin PBXContainerItemProxy section */
		8C217B8227AAE52B005E389F /* PBXContainerItemProxy */ = {
			isa = PBXContainerItemProxy;
			containerPortal = 8C217B6327AAE527005E389F /* Project object */;
			proxyType = 1;
			remoteGlobalIDString = 8C217B6A27AAE527005E389F;
			remoteInfo = MediQuoMobileTestApp;
		};
		8C217B8C27AAE52B005E389F /* PBXContainerItemProxy */ = {
			isa = PBXContainerItemProxy;
			containerPortal = 8C217B6327AAE527005E389F /* Project object */;
			proxyType = 1;
			remoteGlobalIDString = 8C217B6A27AAE527005E389F;
			remoteInfo = MediQuoMobileTestApp;
		};
/* End PBXContainerItemProxy section */

/* Begin PBXFileReference section */
		3856E43927AB254900EF954F /* NetworkConstants.swift */ = {isa = PBXFileReference; lastKnownFileType = sourcecode.swift; path = NetworkConstants.swift; sourceTree = "<group>"; };
		3856E44227AB2B7200EF954F /* Character.swift */ = {isa = PBXFileReference; lastKnownFileType = sourcecode.swift; path = Character.swift; sourceTree = "<group>"; };
		3856E44427AB2F8A00EF954F /* CharacterDTO.swift */ = {isa = PBXFileReference; lastKnownFileType = sourcecode.swift; path = CharacterDTO.swift; sourceTree = "<group>"; };
		3856E44927ADB08300EF954F /* SearchCategory.swift */ = {isa = PBXFileReference; lastKnownFileType = sourcecode.swift; path = SearchCategory.swift; sourceTree = "<group>"; };
		3856E44E27ADB31B00EF954F /* HomeSearchNetworkClient.swift */ = {isa = PBXFileReference; lastKnownFileType = sourcecode.swift; path = HomeSearchNetworkClient.swift; sourceTree = "<group>"; };
		3856E45027ADB36600EF954F /* HomeSearchRepository.swift */ = {isa = PBXFileReference; lastKnownFileType = sourcecode.swift; path = HomeSearchRepository.swift; sourceTree = "<group>"; };
		3856E45227ADB4F100EF954F /* HomeSearchUseCase.swift */ = {isa = PBXFileReference; lastKnownFileType = sourcecode.swift; path = HomeSearchUseCase.swift; sourceTree = "<group>"; };
		3856E45427ADB86100EF954F /* Builder.swift */ = {isa = PBXFileReference; lastKnownFileType = sourcecode.swift; path = Builder.swift; sourceTree = "<group>"; };
		3856E45D27ADBA7000EF954F /* HomeSearchRouter.swift */ = {isa = PBXFileReference; lastKnownFileType = sourcecode.swift; path = HomeSearchRouter.swift; sourceTree = "<group>"; };
		3856E45F27ADBA7C00EF954F /* HomeSearchBuilder.swift */ = {isa = PBXFileReference; lastKnownFileType = sourcecode.swift; path = HomeSearchBuilder.swift; sourceTree = "<group>"; };
		3856E46127ADBEDF00EF954F /* HomeSearchTableViewController.swift */ = {isa = PBXFileReference; lastKnownFileType = sourcecode.swift; path = HomeSearchTableViewController.swift; sourceTree = "<group>"; };
		38B7BCD127B1930900A2FEDA /* RealmManager.swift */ = {isa = PBXFileReference; fileEncoding = 4; lastKnownFileType = sourcecode.swift; path = RealmManager.swift; sourceTree = "<group>"; };
		38B7BCD727B194B700A2FEDA /* CharacterRealm.swift */ = {isa = PBXFileReference; fileEncoding = 4; lastKnownFileType = sourcecode.swift; path = CharacterRealm.swift; sourceTree = "<group>"; };
		38B7BCDC27B31CAC00A2FEDA /* Realm+Array.swift */ = {isa = PBXFileReference; lastKnownFileType = sourcecode.swift; path = "Realm+Array.swift"; sourceTree = "<group>"; };
		38D6732527AEBF8400E65315 /* BetterCallSaulCharacters.json */ = {isa = PBXFileReference; lastKnownFileType = text.json; path = BetterCallSaulCharacters.json; sourceTree = "<group>"; };
		38D6732727AEBFCF00E65315 /* BreakingBadCharacters.json */ = {isa = PBXFileReference; lastKnownFileType = text.json; path = BreakingBadCharacters.json; sourceTree = "<group>"; };
		38D6732E27AED0C200E65315 /* HomeSearchTableViewCell.swift */ = {isa = PBXFileReference; lastKnownFileType = sourcecode.swift; path = HomeSearchTableViewCell.swift; sourceTree = "<group>"; };
		38D6733427AED2D300E65315 /* UIView+fill.swift */ = {isa = PBXFileReference; lastKnownFileType = sourcecode.swift; path = "UIView+fill.swift"; sourceTree = "<group>"; };
		38D6733927AED47000E65315 /* UIImageView+load.swift */ = {isa = PBXFileReference; lastKnownFileType = sourcecode.swift; path = "UIImageView+load.swift"; sourceTree = "<group>"; };
		38D6733B27AED51F00E65315 /* String+Localized.swift */ = {isa = PBXFileReference; lastKnownFileType = sourcecode.swift; path = "String+Localized.swift"; sourceTree = "<group>"; };
		38D6733D27AED69D00E65315 /* String+Empty.swift */ = {isa = PBXFileReference; lastKnownFileType = sourcecode.swift; path = "String+Empty.swift"; sourceTree = "<group>"; };
		38D6734127AEF1D500E65315 /* SearchController.swift */ = {isa = PBXFileReference; lastKnownFileType = sourcecode.swift; path = SearchController.swift; sourceTree = "<group>"; };
		38D6734327AEF24900E65315 /* NavigationBarAppearance.swift */ = {isa = PBXFileReference; lastKnownFileType = sourcecode.swift; path = NavigationBarAppearance.swift; sourceTree = "<group>"; };
		38D6734527AF1B0D00E65315 /* HomeSearchPresenter.swift */ = {isa = PBXFileReference; lastKnownFileType = sourcecode.swift; path = HomeSearchPresenter.swift; sourceTree = "<group>"; };
		38D6734A27AF280000E65315 /* SearchDetailBuilder.swift */ = {isa = PBXFileReference; lastKnownFileType = sourcecode.swift; path = SearchDetailBuilder.swift; sourceTree = "<group>"; };
		38D6734C27AF280F00E65315 /* SearchDetailRouter.swift */ = {isa = PBXFileReference; lastKnownFileType = sourcecode.swift; path = SearchDetailRouter.swift; sourceTree = "<group>"; };
		38D6734E27AF281D00E65315 /* SearchDetailPresenter.swift */ = {isa = PBXFileReference; lastKnownFileType = sourcecode.swift; path = SearchDetailPresenter.swift; sourceTree = "<group>"; };
		38D6735027AF28AD00E65315 /* SearchDetailTableViewController.swift */ = {isa = PBXFileReference; lastKnownFileType = sourcecode.swift; path = SearchDetailTableViewController.swift; sourceTree = "<group>"; };
		38D6735227AFB0F200E65315 /* HomeSearchFilterNetworkClient.swift */ = {isa = PBXFileReference; lastKnownFileType = sourcecode.swift; path = HomeSearchFilterNetworkClient.swift; sourceTree = "<group>"; };
		38D6735427AFB18500E65315 /* SearchDetailQuotesNetworkClient.swift */ = {isa = PBXFileReference; lastKnownFileType = sourcecode.swift; path = SearchDetailQuotesNetworkClient.swift; sourceTree = "<group>"; };
		38D6735627AFB3AB00E65315 /* QuoteDTO.swift */ = {isa = PBXFileReference; lastKnownFileType = sourcecode.swift; path = QuoteDTO.swift; sourceTree = "<group>"; };
		38D6735827AFB41900E65315 /* Quote.swift */ = {isa = PBXFileReference; lastKnownFileType = sourcecode.swift; path = Quote.swift; sourceTree = "<group>"; };
		38D6735A27AFB4CB00E65315 /* SearchDetailQuotesRepository.swift */ = {isa = PBXFileReference; lastKnownFileType = sourcecode.swift; path = SearchDetailQuotesRepository.swift; sourceTree = "<group>"; };
		38D6735C27AFB59F00E65315 /* SearchDetailQuotesUseCase.swift */ = {isa = PBXFileReference; lastKnownFileType = sourcecode.swift; path = SearchDetailQuotesUseCase.swift; sourceTree = "<group>"; };
		38D6736627AFE47900E65315 /* HeaderDetailView.swift */ = {isa = PBXFileReference; lastKnownFileType = sourcecode.swift; path = HeaderDetailView.swift; sourceTree = "<group>"; };
		38D6736927AFEC3E00E65315 /* SearchDetailTableViewCell.swift */ = {isa = PBXFileReference; lastKnownFileType = sourcecode.swift; path = SearchDetailTableViewCell.swift; sourceTree = "<group>"; };
		8C217B6B27AAE527005E389F /* MediQuoMobileTestApp.app */ = {isa = PBXFileReference; explicitFileType = wrapper.application; includeInIndex = 0; path = MediQuoMobileTestApp.app; sourceTree = BUILT_PRODUCTS_DIR; };
		8C217B6E27AAE527005E389F /* AppDelegate.swift */ = {isa = PBXFileReference; lastKnownFileType = sourcecode.swift; path = AppDelegate.swift; sourceTree = "<group>"; };
		8C217B7027AAE527005E389F /* SceneDelegate.swift */ = {isa = PBXFileReference; lastKnownFileType = sourcecode.swift; path = SceneDelegate.swift; sourceTree = "<group>"; };
		8C217B7727AAE52A005E389F /* Assets.xcassets */ = {isa = PBXFileReference; lastKnownFileType = folder.assetcatalog; path = Assets.xcassets; sourceTree = "<group>"; };
		8C217B7A27AAE52A005E389F /* Base */ = {isa = PBXFileReference; lastKnownFileType = file.storyboard; name = Base; path = Base.lproj/LaunchScreen.storyboard; sourceTree = "<group>"; };
		8C217B7C27AAE52A005E389F /* Info.plist */ = {isa = PBXFileReference; lastKnownFileType = text.plist.xml; path = Info.plist; sourceTree = "<group>"; };
		8C217B8127AAE52B005E389F /* MediQuoMobileTestAppTests.xctest */ = {isa = PBXFileReference; explicitFileType = wrapper.cfbundle; includeInIndex = 0; path = MediQuoMobileTestAppTests.xctest; sourceTree = BUILT_PRODUCTS_DIR; };
		8C217B8527AAE52B005E389F /* MediQuoMobileTestAppTests.swift */ = {isa = PBXFileReference; lastKnownFileType = sourcecode.swift; path = MediQuoMobileTestAppTests.swift; sourceTree = "<group>"; };
		8C217B8B27AAE52B005E389F /* MediQuoMobileTestAppUITests.xctest */ = {isa = PBXFileReference; explicitFileType = wrapper.cfbundle; includeInIndex = 0; path = MediQuoMobileTestAppUITests.xctest; sourceTree = BUILT_PRODUCTS_DIR; };
		8C217B8F27AAE52B005E389F /* MediQuoMobileTestAppUITests.swift */ = {isa = PBXFileReference; lastKnownFileType = sourcecode.swift; path = MediQuoMobileTestAppUITests.swift; sourceTree = "<group>"; };
		8C217B9127AAE52B005E389F /* MediQuoMobileTestAppUITestsLaunchTests.swift */ = {isa = PBXFileReference; lastKnownFileType = sourcecode.swift; path = MediQuoMobileTestAppUITestsLaunchTests.swift; sourceTree = "<group>"; };
		8C217BA027AAE7AB005E389F /* es */ = {isa = PBXFileReference; lastKnownFileType = text.plist.strings; name = es; path = es.lproj/LaunchScreen.strings; sourceTree = "<group>"; };
		8C217BA427AAE7F8005E389F /* en */ = {isa = PBXFileReference; lastKnownFileType = text.plist.strings; name = en; path = en.lproj/Localizable.strings; sourceTree = "<group>"; };
		8C217BA727AAE818005E389F /* es */ = {isa = PBXFileReference; lastKnownFileType = text.plist.strings; name = es; path = es.lproj/Localizable.strings; sourceTree = "<group>"; };
		8C217BB227AAF0DB005E389F /* NetworkClient.swift */ = {isa = PBXFileReference; lastKnownFileType = sourcecode.swift; path = NetworkClient.swift; sourceTree = "<group>"; };
		8C217BB627AAF1AF005E389F /* NetworkProvider.swift */ = {isa = PBXFileReference; lastKnownFileType = sourcecode.swift; path = NetworkProvider.swift; sourceTree = "<group>"; };
/* End PBXFileReference section */

/* Begin PBXFrameworksBuildPhase section */
		8C217B6827AAE527005E389F /* Frameworks */ = {
			isa = PBXFrameworksBuildPhase;
			buildActionMask = 2147483647;
			files = (
				38B7BCD027B18EF000A2FEDA /* RealmSwift in Frameworks */,
				38B7BCCE27B18EF000A2FEDA /* Realm in Frameworks */,
				38D6733827AED43900E65315 /* SDWebImage in Frameworks */,
				3856E43D27AB283200EF954F /* Alamofire in Frameworks */,
			);
			runOnlyForDeploymentPostprocessing = 0;
		};
		8C217B7E27AAE52B005E389F /* Frameworks */ = {
			isa = PBXFrameworksBuildPhase;
			buildActionMask = 2147483647;
			files = (
			);
			runOnlyForDeploymentPostprocessing = 0;
		};
		8C217B8827AAE52B005E389F /* Frameworks */ = {
			isa = PBXFrameworksBuildPhase;
			buildActionMask = 2147483647;
			files = (
			);
			runOnlyForDeploymentPostprocessing = 0;
		};
/* End PBXFrameworksBuildPhase section */

/* Begin PBXGroup section */
		3856E44027AB2ABB00EF954F /* DTO */ = {
			isa = PBXGroup;
			children = (
				3856E44427AB2F8A00EF954F /* CharacterDTO.swift */,
				38D6735627AFB3AB00E65315 /* QuoteDTO.swift */,
			);
			path = DTO;
			sourceTree = "<group>";
		};
		3856E44127AB2AC200EF954F /* Entities */ = {
			isa = PBXGroup;
			children = (
				3856E44227AB2B7200EF954F /* Character.swift */,
				38D6735827AFB41900E65315 /* Quote.swift */,
			);
			path = Entities;
			sourceTree = "<group>";
		};
		3856E44827ADB07400EF954F /* Utils */ = {
			isa = PBXGroup;
			children = (
				3856E45427ADB86100EF954F /* Builder.swift */,
				3856E44927ADB08300EF954F /* SearchCategory.swift */,
				38D6734327AEF24900E65315 /* NavigationBarAppearance.swift */,
			);
			path = Utils;
			sourceTree = "<group>";
		};
		3856E44B27ADB23600EF954F /* Use Cases */ = {
			isa = PBXGroup;
			children = (
				3856E45227ADB4F100EF954F /* HomeSearchUseCase.swift */,
				38D6735C27AFB59F00E65315 /* SearchDetailQuotesUseCase.swift */,
			);
			path = "Use Cases";
			sourceTree = "<group>";
		};
		3856E45627ADB8F500EF954F /* HomeSearch */ = {
			isa = PBXGroup;
			children = (
				38D6732D27AED0A900E65315 /* Cells */,
				3856E46127ADBEDF00EF954F /* HomeSearchTableViewController.swift */,
				38D6734527AF1B0D00E65315 /* HomeSearchPresenter.swift */,
				3856E45D27ADBA7000EF954F /* HomeSearchRouter.swift */,
				3856E45F27ADBA7C00EF954F /* HomeSearchBuilder.swift */,
			);
			path = HomeSearch;
			sourceTree = "<group>";
		};
		38B7BCC927B18E0600A2FEDA /* Realm */ = {
			isa = PBXGroup;
			children = (
				38B7BCD627B1948D00A2FEDA /* Entities */,
				38B7BCD127B1930900A2FEDA /* RealmManager.swift */,
			);
			path = Realm;
			sourceTree = "<group>";
		};
		38B7BCD627B1948D00A2FEDA /* Entities */ = {
			isa = PBXGroup;
			children = (
				38B7BCD727B194B700A2FEDA /* CharacterRealm.swift */,
			);
			path = Entities;
			sourceTree = "<group>";
		};
		38D6732427AEBF4B00E65315 /* Mocks */ = {
			isa = PBXGroup;
			children = (
				38D6732527AEBF8400E65315 /* BetterCallSaulCharacters.json */,
				38D6732727AEBFCF00E65315 /* BreakingBadCharacters.json */,
			);
			path = Mocks;
			sourceTree = "<group>";
		};
		38D6732D27AED0A900E65315 /* Cells */ = {
			isa = PBXGroup;
			children = (
				38D6732E27AED0C200E65315 /* HomeSearchTableViewCell.swift */,
			);
			path = Cells;
			sourceTree = "<group>";
		};
		38D6733227AED2B000E65315 /* Common */ = {
			isa = PBXGroup;
			children = (
				3856E44827ADB07400EF954F /* Utils */,
				38D6733327AED2BE00E65315 /* Extensions */,
			);
			path = Common;
			sourceTree = "<group>";
		};
		38D6733327AED2BE00E65315 /* Extensions */ = {
			isa = PBXGroup;
			children = (
				38D6733427AED2D300E65315 /* UIView+fill.swift */,
				38D6733927AED47000E65315 /* UIImageView+load.swift */,
				38D6733B27AED51F00E65315 /* String+Localized.swift */,
				38D6733D27AED69D00E65315 /* String+Empty.swift */,
				38B7BCDC27B31CAC00A2FEDA /* Realm+Array.swift */,
			);
			path = Extensions;
			sourceTree = "<group>";
		};
		38D6733F27AEECEA00E65315 /* Presentation */ = {
			isa = PBXGroup;
			children = (
				38D6734027AEECFD00E65315 /* Components */,
				8C217BA827AAE853005E389F /* Scenes */,
			);
			path = Presentation;
			sourceTree = "<group>";
		};
		38D6734027AEECFD00E65315 /* Components */ = {
			isa = PBXGroup;
			children = (
				38D6734127AEF1D500E65315 /* SearchController.swift */,
			);
			path = Components;
			sourceTree = "<group>";
		};
		38D6734927AF27E900E65315 /* SearchDetail */ = {
			isa = PBXGroup;
			children = (
				38D6736527AFE46800E65315 /* Views */,
				38D6736827AFEC1900E65315 /* Cells */,
				38D6735027AF28AD00E65315 /* SearchDetailTableViewController.swift */,
				38D6734E27AF281D00E65315 /* SearchDetailPresenter.swift */,
				38D6734C27AF280F00E65315 /* SearchDetailRouter.swift */,
				38D6734A27AF280000E65315 /* SearchDetailBuilder.swift */,
			);
			path = SearchDetail;
			sourceTree = "<group>";
		};
		38D6736527AFE46800E65315 /* Views */ = {
			isa = PBXGroup;
			children = (
				38D6736627AFE47900E65315 /* HeaderDetailView.swift */,
			);
			path = Views;
			sourceTree = "<group>";
		};
		38D6736827AFEC1900E65315 /* Cells */ = {
			isa = PBXGroup;
			children = (
				38D6736927AFEC3E00E65315 /* SearchDetailTableViewCell.swift */,
			);
			path = Cells;
			sourceTree = "<group>";
		};
		8C217B6227AAE527005E389F = {
			isa = PBXGroup;
			children = (
				8C217B6D27AAE527005E389F /* MediQuoMobileTestApp */,
				8C217B8427AAE52B005E389F /* MediQuoMobileTestAppTests */,
				8C217B8E27AAE52B005E389F /* MediQuoMobileTestAppUITests */,
				8C217B6C27AAE527005E389F /* Products */,
			);
			sourceTree = "<group>";
		};
		8C217B6C27AAE527005E389F /* Products */ = {
			isa = PBXGroup;
			children = (
				8C217B6B27AAE527005E389F /* MediQuoMobileTestApp.app */,
				8C217B8127AAE52B005E389F /* MediQuoMobileTestAppTests.xctest */,
				8C217B8B27AAE52B005E389F /* MediQuoMobileTestAppUITests.xctest */,
			);
			name = Products;
			sourceTree = "<group>";
		};
		8C217B6D27AAE527005E389F /* MediQuoMobileTestApp */ = {
			isa = PBXGroup;
			children = (
				8C217B6E27AAE527005E389F /* AppDelegate.swift */,
				8C217B7027AAE527005E389F /* SceneDelegate.swift */,
				8C217BA927AAE860005E389F /* Data */,
				8C217BAA27AAE92C005E389F /* Domain */,
				38D6733227AED2B000E65315 /* Common */,
				38D6733F27AEECEA00E65315 /* Presentation */,
				8C217B9E27AAE55E005E389F /* Resources */,
			);
			path = MediQuoMobileTestApp;
			sourceTree = "<group>";
		};
		8C217B8427AAE52B005E389F /* MediQuoMobileTestAppTests */ = {
			isa = PBXGroup;
			children = (
				8C217B8527AAE52B005E389F /* MediQuoMobileTestAppTests.swift */,
			);
			path = MediQuoMobileTestAppTests;
			sourceTree = "<group>";
		};
		8C217B8E27AAE52B005E389F /* MediQuoMobileTestAppUITests */ = {
			isa = PBXGroup;
			children = (
				8C217B8F27AAE52B005E389F /* MediQuoMobileTestAppUITests.swift */,
				8C217B9127AAE52B005E389F /* MediQuoMobileTestAppUITestsLaunchTests.swift */,
			);
			path = MediQuoMobileTestAppUITests;
			sourceTree = "<group>";
		};
		8C217B9E27AAE55E005E389F /* Resources */ = {
			isa = PBXGroup;
			children = (
				8C217B7C27AAE52A005E389F /* Info.plist */,
				8C217B7727AAE52A005E389F /* Assets.xcassets */,
				8C217BA527AAE7F8005E389F /* Localizable.strings */,
				8C217B7927AAE52A005E389F /* LaunchScreen.storyboard */,
			);
			path = Resources;
			sourceTree = "<group>";
		};
		8C217BA827AAE853005E389F /* Scenes */ = {
			isa = PBXGroup;
			children = (
				3856E45627ADB8F500EF954F /* HomeSearch */,
				38D6734927AF27E900E65315 /* SearchDetail */,
			);
			path = Scenes;
			sourceTree = "<group>";
		};
		8C217BA927AAE860005E389F /* Data */ = {
			isa = PBXGroup;
			children = (
				3856E44027AB2ABB00EF954F /* DTO */,
				38B7BCC927B18E0600A2FEDA /* Realm */,
				38D6732427AEBF4B00E65315 /* Mocks */,
				8C217BAB27AAE9BE005E389F /* Network */,
				8C217BAC27AAE9C8005E389F /* Repositories */,
			);
			path = Data;
			sourceTree = "<group>";
		};
		8C217BAA27AAE92C005E389F /* Domain */ = {
			isa = PBXGroup;
			children = (
				3856E44127AB2AC200EF954F /* Entities */,
				3856E44B27ADB23600EF954F /* Use Cases */,
			);
			path = Domain;
			sourceTree = "<group>";
		};
		8C217BAB27AAE9BE005E389F /* Network */ = {
			isa = PBXGroup;
			children = (
				8C217BB827AAF97E005E389F /* Base */,
				3856E44E27ADB31B00EF954F /* HomeSearchNetworkClient.swift */,
				38D6735227AFB0F200E65315 /* HomeSearchFilterNetworkClient.swift */,
				38D6735427AFB18500E65315 /* SearchDetailQuotesNetworkClient.swift */,
			);
			path = Network;
			sourceTree = "<group>";
		};
		8C217BAC27AAE9C8005E389F /* Repositories */ = {
			isa = PBXGroup;
			children = (
				3856E45027ADB36600EF954F /* HomeSearchRepository.swift */,
				38D6735A27AFB4CB00E65315 /* SearchDetailQuotesRepository.swift */,
			);
			path = Repositories;
			sourceTree = "<group>";
		};
		8C217BB827AAF97E005E389F /* Base */ = {
			isa = PBXGroup;
			children = (
				8C217BB627AAF1AF005E389F /* NetworkProvider.swift */,
				8C217BB227AAF0DB005E389F /* NetworkClient.swift */,
				3856E43927AB254900EF954F /* NetworkConstants.swift */,
			);
			path = Base;
			sourceTree = "<group>";
		};
/* End PBXGroup section */

/* Begin PBXNativeTarget section */
		8C217B6A27AAE527005E389F /* MediQuoMobileTestApp */ = {
			isa = PBXNativeTarget;
			buildConfigurationList = 8C217B9527AAE52B005E389F /* Build configuration list for PBXNativeTarget "MediQuoMobileTestApp" */;
			buildPhases = (
				8C217B6727AAE527005E389F /* Sources */,
				8C217B6827AAE527005E389F /* Frameworks */,
				8C217B6927AAE527005E389F /* Resources */,
			);
			buildRules = (
			);
			dependencies = (
			);
			name = MediQuoMobileTestApp;
			packageProductDependencies = (
				3856E43C27AB283200EF954F /* Alamofire */,
				38D6733727AED43900E65315 /* SDWebImage */,
				38B7BCCD27B18EF000A2FEDA /* Realm */,
				38B7BCCF27B18EF000A2FEDA /* RealmSwift */,
			);
			productName = MediQuoMobileTestApp;
			productReference = 8C217B6B27AAE527005E389F /* MediQuoMobileTestApp.app */;
			productType = "com.apple.product-type.application";
		};
		8C217B8027AAE52B005E389F /* MediQuoMobileTestAppTests */ = {
			isa = PBXNativeTarget;
			buildConfigurationList = 8C217B9827AAE52B005E389F /* Build configuration list for PBXNativeTarget "MediQuoMobileTestAppTests" */;
			buildPhases = (
				8C217B7D27AAE52B005E389F /* Sources */,
				8C217B7E27AAE52B005E389F /* Frameworks */,
				8C217B7F27AAE52B005E389F /* Resources */,
			);
			buildRules = (
			);
			dependencies = (
				8C217B8327AAE52B005E389F /* PBXTargetDependency */,
			);
			name = MediQuoMobileTestAppTests;
			productName = MediQuoMobileTestAppTests;
			productReference = 8C217B8127AAE52B005E389F /* MediQuoMobileTestAppTests.xctest */;
			productType = "com.apple.product-type.bundle.unit-test";
		};
		8C217B8A27AAE52B005E389F /* MediQuoMobileTestAppUITests */ = {
			isa = PBXNativeTarget;
			buildConfigurationList = 8C217B9B27AAE52B005E389F /* Build configuration list for PBXNativeTarget "MediQuoMobileTestAppUITests" */;
			buildPhases = (
				8C217B8727AAE52B005E389F /* Sources */,
				8C217B8827AAE52B005E389F /* Frameworks */,
				8C217B8927AAE52B005E389F /* Resources */,
			);
			buildRules = (
			);
			dependencies = (
				8C217B8D27AAE52B005E389F /* PBXTargetDependency */,
			);
			name = MediQuoMobileTestAppUITests;
			productName = MediQuoMobileTestAppUITests;
			productReference = 8C217B8B27AAE52B005E389F /* MediQuoMobileTestAppUITests.xctest */;
			productType = "com.apple.product-type.bundle.ui-testing";
		};
/* End PBXNativeTarget section */

/* Begin PBXProject section */
		8C217B6327AAE527005E389F /* Project object */ = {
			isa = PBXProject;
			attributes = {
				BuildIndependentTargetsInParallel = 1;
				LastSwiftUpdateCheck = 1310;
				LastUpgradeCheck = 1310;
				TargetAttributes = {
					8C217B6A27AAE527005E389F = {
						CreatedOnToolsVersion = 13.1;
					};
					8C217B8027AAE52B005E389F = {
						CreatedOnToolsVersion = 13.1;
						TestTargetID = 8C217B6A27AAE527005E389F;
					};
					8C217B8A27AAE52B005E389F = {
						CreatedOnToolsVersion = 13.1;
						TestTargetID = 8C217B6A27AAE527005E389F;
					};
				};
			};
			buildConfigurationList = 8C217B6627AAE527005E389F /* Build configuration list for PBXProject "MediQuoMobileTestApp" */;
			compatibilityVersion = "Xcode 13.0";
			developmentRegion = en;
			hasScannedForEncodings = 0;
			knownRegions = (
				en,
				Base,
				es,
			);
			mainGroup = 8C217B6227AAE527005E389F;
			packageReferences = (
				3856E43B27AB283200EF954F /* XCRemoteSwiftPackageReference "Alamofire" */,
				38D6733627AED43900E65315 /* XCRemoteSwiftPackageReference "SDWebImage" */,
				38B7BCCC27B18EF000A2FEDA /* XCRemoteSwiftPackageReference "realm-swift" */,
			);
			productRefGroup = 8C217B6C27AAE527005E389F /* Products */;
			projectDirPath = "";
			projectRoot = "";
			targets = (
				8C217B6A27AAE527005E389F /* MediQuoMobileTestApp */,
				8C217B8027AAE52B005E389F /* MediQuoMobileTestAppTests */,
				8C217B8A27AAE52B005E389F /* MediQuoMobileTestAppUITests */,
			);
		};
/* End PBXProject section */

/* Begin PBXResourcesBuildPhase section */
		8C217B6927AAE527005E389F /* Resources */ = {
			isa = PBXResourcesBuildPhase;
			buildActionMask = 2147483647;
			files = (
				38D6732627AEBF8400E65315 /* BetterCallSaulCharacters.json in Resources */,
				8C217B7B27AAE52A005E389F /* LaunchScreen.storyboard in Resources */,
				8C217BA327AAE7F8005E389F /* Localizable.strings in Resources */,
				38D6732827AEBFCF00E65315 /* BreakingBadCharacters.json in Resources */,
				8C217B7827AAE52A005E389F /* Assets.xcassets in Resources */,
			);
			runOnlyForDeploymentPostprocessing = 0;
		};
		8C217B7F27AAE52B005E389F /* Resources */ = {
			isa = PBXResourcesBuildPhase;
			buildActionMask = 2147483647;
			files = (
			);
			runOnlyForDeploymentPostprocessing = 0;
		};
		8C217B8927AAE52B005E389F /* Resources */ = {
			isa = PBXResourcesBuildPhase;
			buildActionMask = 2147483647;
			files = (
			);
			runOnlyForDeploymentPostprocessing = 0;
		};
/* End PBXResourcesBuildPhase section */

/* Begin PBXSourcesBuildPhase section */
		8C217B6727AAE527005E389F /* Sources */ = {
			isa = PBXSourcesBuildPhase;
			buildActionMask = 2147483647;
			files = (
				38D6736A27AFEC3E00E65315 /* SearchDetailTableViewCell.swift in Sources */,
				38D6735327AFB0F200E65315 /* HomeSearchFilterNetworkClient.swift in Sources */,
				8C217B6F27AAE527005E389F /* AppDelegate.swift in Sources */,
				3856E44527AB2F8A00EF954F /* CharacterDTO.swift in Sources */,
				38D6735B27AFB4CB00E65315 /* SearchDetailQuotesRepository.swift in Sources */,
				38B7BCD227B1930A00A2FEDA /* RealmManager.swift in Sources */,
				38D6735D27AFB59F00E65315 /* SearchDetailQuotesUseCase.swift in Sources */,
				38D6733E27AED69D00E65315 /* String+Empty.swift in Sources */,
				38D6734627AF1B0D00E65315 /* HomeSearchPresenter.swift in Sources */,
				3856E46227ADBEDF00EF954F /* HomeSearchTableViewController.swift in Sources */,
				38D6735727AFB3AB00E65315 /* QuoteDTO.swift in Sources */,
				3856E45327ADB4F100EF954F /* HomeSearchUseCase.swift in Sources */,
				8C217B7127AAE527005E389F /* SceneDelegate.swift in Sources */,
				38D6733527AED2D300E65315 /* UIView+fill.swift in Sources */,
				3856E44A27ADB08300EF954F /* SearchCategory.swift in Sources */,
				38B7BCD827B194B700A2FEDA /* CharacterRealm.swift in Sources */,
				3856E45E27ADBA7000EF954F /* HomeSearchRouter.swift in Sources */,
				38D6734D27AF280F00E65315 /* SearchDetailRouter.swift in Sources */,
				38D6732F27AED0C200E65315 /* HomeSearchTableViewCell.swift in Sources */,
				3856E44327AB2B7200EF954F /* Character.swift in Sources */,
				38D6734B27AF280000E65315 /* SearchDetailBuilder.swift in Sources */,
				3856E46027ADBA7C00EF954F /* HomeSearchBuilder.swift in Sources */,
				38D6735527AFB18500E65315 /* SearchDetailQuotesNetworkClient.swift in Sources */,
				38D6734427AEF24900E65315 /* NavigationBarAppearance.swift in Sources */,
				38D6733A27AED47000E65315 /* UIImageView+load.swift in Sources */,
				3856E43A27AB254900EF954F /* NetworkConstants.swift in Sources */,
				8C217BB327AAF0DB005E389F /* NetworkClient.swift in Sources */,
				38D6734F27AF281D00E65315 /* SearchDetailPresenter.swift in Sources */,
				3856E45127ADB36600EF954F /* HomeSearchRepository.swift in Sources */,
				38B7BCDD27B31CAC00A2FEDA /* Realm+Array.swift in Sources */,
				38D6736727AFE47900E65315 /* HeaderDetailView.swift in Sources */,
				38D6735927AFB41900E65315 /* Quote.swift in Sources */,
				38D6735127AF28AD00E65315 /* SearchDetailTableViewController.swift in Sources */,
				3856E44F27ADB31B00EF954F /* HomeSearchNetworkClient.swift in Sources */,
				38D6733C27AED51F00E65315 /* String+Localized.swift in Sources */,
				38D6734227AEF1D500E65315 /* SearchController.swift in Sources */,
				8C217BB727AAF1AF005E389F /* NetworkProvider.swift in Sources */,
				3856E45527ADB86100EF954F /* Builder.swift in Sources */,
			);
			runOnlyForDeploymentPostprocessing = 0;
		};
		8C217B7D27AAE52B005E389F /* Sources */ = {
			isa = PBXSourcesBuildPhase;
			buildActionMask = 2147483647;
			files = (
				8C217B8627AAE52B005E389F /* MediQuoMobileTestAppTests.swift in Sources */,
			);
			runOnlyForDeploymentPostprocessing = 0;
		};
		8C217B8727AAE52B005E389F /* Sources */ = {
			isa = PBXSourcesBuildPhase;
			buildActionMask = 2147483647;
			files = (
				8C217B9027AAE52B005E389F /* MediQuoMobileTestAppUITests.swift in Sources */,
				8C217B9227AAE52B005E389F /* MediQuoMobileTestAppUITestsLaunchTests.swift in Sources */,
			);
			runOnlyForDeploymentPostprocessing = 0;
		};
/* End PBXSourcesBuildPhase section */

/* Begin PBXTargetDependency section */
		8C217B8327AAE52B005E389F /* PBXTargetDependency */ = {
			isa = PBXTargetDependency;
			target = 8C217B6A27AAE527005E389F /* MediQuoMobileTestApp */;
			targetProxy = 8C217B8227AAE52B005E389F /* PBXContainerItemProxy */;
		};
		8C217B8D27AAE52B005E389F /* PBXTargetDependency */ = {
			isa = PBXTargetDependency;
			target = 8C217B6A27AAE527005E389F /* MediQuoMobileTestApp */;
			targetProxy = 8C217B8C27AAE52B005E389F /* PBXContainerItemProxy */;
		};
/* End PBXTargetDependency section */

/* Begin PBXVariantGroup section */
		8C217B7927AAE52A005E389F /* LaunchScreen.storyboard */ = {
			isa = PBXVariantGroup;
			children = (
				8C217B7A27AAE52A005E389F /* Base */,
				8C217BA027AAE7AB005E389F /* es */,
			);
			name = LaunchScreen.storyboard;
			sourceTree = "<group>";
		};
		8C217BA527AAE7F8005E389F /* Localizable.strings */ = {
			isa = PBXVariantGroup;
			children = (
				8C217BA427AAE7F8005E389F /* en */,
				8C217BA727AAE818005E389F /* es */,
			);
			name = Localizable.strings;
			sourceTree = "<group>";
		};
/* End PBXVariantGroup section */

/* Begin XCBuildConfiguration section */
		8C217B9327AAE52B005E389F /* Debug */ = {
			isa = XCBuildConfiguration;
			buildSettings = {
				ALWAYS_SEARCH_USER_PATHS = NO;
				CLANG_ANALYZER_LOCALIZABILITY_NONLOCALIZED = YES;
				CLANG_ANALYZER_NONNULL = YES;
				CLANG_ANALYZER_NUMBER_OBJECT_CONVERSION = YES_AGGRESSIVE;
				CLANG_CXX_LANGUAGE_STANDARD = "gnu++17";
				CLANG_CXX_LIBRARY = "libc++";
				CLANG_ENABLE_MODULES = YES;
				CLANG_ENABLE_OBJC_ARC = YES;
				CLANG_ENABLE_OBJC_WEAK = YES;
				CLANG_WARN_BLOCK_CAPTURE_AUTORELEASING = YES;
				CLANG_WARN_BOOL_CONVERSION = YES;
				CLANG_WARN_COMMA = YES;
				CLANG_WARN_CONSTANT_CONVERSION = YES;
				CLANG_WARN_DEPRECATED_OBJC_IMPLEMENTATIONS = YES;
				CLANG_WARN_DIRECT_OBJC_ISA_USAGE = YES_ERROR;
				CLANG_WARN_DOCUMENTATION_COMMENTS = YES;
				CLANG_WARN_EMPTY_BODY = YES;
				CLANG_WARN_ENUM_CONVERSION = YES;
				CLANG_WARN_INFINITE_RECURSION = YES;
				CLANG_WARN_INT_CONVERSION = YES;
				CLANG_WARN_NON_LITERAL_NULL_CONVERSION = YES;
				CLANG_WARN_OBJC_IMPLICIT_RETAIN_SELF = YES;
				CLANG_WARN_OBJC_LITERAL_CONVERSION = YES;
				CLANG_WARN_OBJC_ROOT_CLASS = YES_ERROR;
				CLANG_WARN_QUOTED_INCLUDE_IN_FRAMEWORK_HEADER = YES;
				CLANG_WARN_RANGE_LOOP_ANALYSIS = YES;
				CLANG_WARN_STRICT_PROTOTYPES = YES;
				CLANG_WARN_SUSPICIOUS_MOVE = YES;
				CLANG_WARN_UNGUARDED_AVAILABILITY = YES_AGGRESSIVE;
				CLANG_WARN_UNREACHABLE_CODE = YES;
				CLANG_WARN__DUPLICATE_METHOD_MATCH = YES;
				COPY_PHASE_STRIP = NO;
				DEBUG_INFORMATION_FORMAT = dwarf;
				ENABLE_STRICT_OBJC_MSGSEND = YES;
				ENABLE_TESTABILITY = YES;
				GCC_C_LANGUAGE_STANDARD = gnu11;
				GCC_DYNAMIC_NO_PIC = NO;
				GCC_NO_COMMON_BLOCKS = YES;
				GCC_OPTIMIZATION_LEVEL = 0;
				GCC_PREPROCESSOR_DEFINITIONS = (
					"DEBUG=1",
					"$(inherited)",
				);
				GCC_WARN_64_TO_32_BIT_CONVERSION = YES;
				GCC_WARN_ABOUT_RETURN_TYPE = YES_ERROR;
				GCC_WARN_UNDECLARED_SELECTOR = YES;
				GCC_WARN_UNINITIALIZED_AUTOS = YES_AGGRESSIVE;
				GCC_WARN_UNUSED_FUNCTION = YES;
				GCC_WARN_UNUSED_VARIABLE = YES;
				IPHONEOS_DEPLOYMENT_TARGET = 13.0;
				MTL_ENABLE_DEBUG_INFO = INCLUDE_SOURCE;
				MTL_FAST_MATH = YES;
				ONLY_ACTIVE_ARCH = YES;
				SDKROOT = iphoneos;
				SWIFT_ACTIVE_COMPILATION_CONDITIONS = DEBUG;
				SWIFT_OPTIMIZATION_LEVEL = "-Onone";
			};
			name = Debug;
		};
		8C217B9427AAE52B005E389F /* Release */ = {
			isa = XCBuildConfiguration;
			buildSettings = {
				ALWAYS_SEARCH_USER_PATHS = NO;
				CLANG_ANALYZER_LOCALIZABILITY_NONLOCALIZED = YES;
				CLANG_ANALYZER_NONNULL = YES;
				CLANG_ANALYZER_NUMBER_OBJECT_CONVERSION = YES_AGGRESSIVE;
				CLANG_CXX_LANGUAGE_STANDARD = "gnu++17";
				CLANG_CXX_LIBRARY = "libc++";
				CLANG_ENABLE_MODULES = YES;
				CLANG_ENABLE_OBJC_ARC = YES;
				CLANG_ENABLE_OBJC_WEAK = YES;
				CLANG_WARN_BLOCK_CAPTURE_AUTORELEASING = YES;
				CLANG_WARN_BOOL_CONVERSION = YES;
				CLANG_WARN_COMMA = YES;
				CLANG_WARN_CONSTANT_CONVERSION = YES;
				CLANG_WARN_DEPRECATED_OBJC_IMPLEMENTATIONS = YES;
				CLANG_WARN_DIRECT_OBJC_ISA_USAGE = YES_ERROR;
				CLANG_WARN_DOCUMENTATION_COMMENTS = YES;
				CLANG_WARN_EMPTY_BODY = YES;
				CLANG_WARN_ENUM_CONVERSION = YES;
				CLANG_WARN_INFINITE_RECURSION = YES;
				CLANG_WARN_INT_CONVERSION = YES;
				CLANG_WARN_NON_LITERAL_NULL_CONVERSION = YES;
				CLANG_WARN_OBJC_IMPLICIT_RETAIN_SELF = YES;
				CLANG_WARN_OBJC_LITERAL_CONVERSION = YES;
				CLANG_WARN_OBJC_ROOT_CLASS = YES_ERROR;
				CLANG_WARN_QUOTED_INCLUDE_IN_FRAMEWORK_HEADER = YES;
				CLANG_WARN_RANGE_LOOP_ANALYSIS = YES;
				CLANG_WARN_STRICT_PROTOTYPES = YES;
				CLANG_WARN_SUSPICIOUS_MOVE = YES;
				CLANG_WARN_UNGUARDED_AVAILABILITY = YES_AGGRESSIVE;
				CLANG_WARN_UNREACHABLE_CODE = YES;
				CLANG_WARN__DUPLICATE_METHOD_MATCH = YES;
				COPY_PHASE_STRIP = NO;
				DEBUG_INFORMATION_FORMAT = "dwarf-with-dsym";
				ENABLE_NS_ASSERTIONS = NO;
				ENABLE_STRICT_OBJC_MSGSEND = YES;
				GCC_C_LANGUAGE_STANDARD = gnu11;
				GCC_NO_COMMON_BLOCKS = YES;
				GCC_WARN_64_TO_32_BIT_CONVERSION = YES;
				GCC_WARN_ABOUT_RETURN_TYPE = YES_ERROR;
				GCC_WARN_UNDECLARED_SELECTOR = YES;
				GCC_WARN_UNINITIALIZED_AUTOS = YES_AGGRESSIVE;
				GCC_WARN_UNUSED_FUNCTION = YES;
				GCC_WARN_UNUSED_VARIABLE = YES;
				IPHONEOS_DEPLOYMENT_TARGET = 13.0;
				MTL_ENABLE_DEBUG_INFO = NO;
				MTL_FAST_MATH = YES;
				SDKROOT = iphoneos;
				SWIFT_COMPILATION_MODE = wholemodule;
				SWIFT_OPTIMIZATION_LEVEL = "-O";
				VALIDATE_PRODUCT = YES;
			};
			name = Release;
		};
		8C217B9627AAE52B005E389F /* Debug */ = {
			isa = XCBuildConfiguration;
			buildSettings = {
				ASSETCATALOG_COMPILER_APPICON_NAME = AppIcon;
				ASSETCATALOG_COMPILER_GLOBAL_ACCENT_COLOR_NAME = AccentColor;
				CODE_SIGN_STYLE = Automatic;
				CURRENT_PROJECT_VERSION = 1;
				DEVELOPMENT_TEAM = NQG7EKNA4U;
				GENERATE_INFOPLIST_FILE = YES;
				INFOPLIST_FILE = MediQuoMobileTestApp/Resources/Info.plist;
				INFOPLIST_KEY_UIApplicationSupportsIndirectInputEvents = YES;
				INFOPLIST_KEY_UILaunchStoryboardName = LaunchScreen;
				INFOPLIST_KEY_UISupportedInterfaceOrientations_iPad = "UIInterfaceOrientationPortrait UIInterfaceOrientationPortraitUpsideDown UIInterfaceOrientationLandscapeLeft UIInterfaceOrientationLandscapeRight";
				INFOPLIST_KEY_UISupportedInterfaceOrientations_iPhone = "UIInterfaceOrientationPortrait UIInterfaceOrientationLandscapeLeft UIInterfaceOrientationLandscapeRight";
				LD_RUNPATH_SEARCH_PATHS = (
					"$(inherited)",
					"@executable_path/Frameworks",
				);
				MARKETING_VERSION = 1.0;
				PRODUCT_BUNDLE_IDENTIFIER = aorti.MediQuoMobileTestApp;
				PRODUCT_NAME = "$(TARGET_NAME)";
				SWIFT_EMIT_LOC_STRINGS = YES;
				SWIFT_VERSION = 5.0;
				TARGETED_DEVICE_FAMILY = "1,2";
			};
			name = Debug;
		};
		8C217B9727AAE52B005E389F /* Release */ = {
			isa = XCBuildConfiguration;
			buildSettings = {
				ASSETCATALOG_COMPILER_APPICON_NAME = AppIcon;
				ASSETCATALOG_COMPILER_GLOBAL_ACCENT_COLOR_NAME = AccentColor;
				CODE_SIGN_STYLE = Automatic;
				CURRENT_PROJECT_VERSION = 1;
				DEVELOPMENT_TEAM = NQG7EKNA4U;
				GENERATE_INFOPLIST_FILE = YES;
				INFOPLIST_FILE = MediQuoMobileTestApp/Resources/Info.plist;
				INFOPLIST_KEY_UIApplicationSupportsIndirectInputEvents = YES;
				INFOPLIST_KEY_UILaunchStoryboardName = LaunchScreen;
				INFOPLIST_KEY_UISupportedInterfaceOrientations_iPad = "UIInterfaceOrientationPortrait UIInterfaceOrientationPortraitUpsideDown UIInterfaceOrientationLandscapeLeft UIInterfaceOrientationLandscapeRight";
				INFOPLIST_KEY_UISupportedInterfaceOrientations_iPhone = "UIInterfaceOrientationPortrait UIInterfaceOrientationLandscapeLeft UIInterfaceOrientationLandscapeRight";
				LD_RUNPATH_SEARCH_PATHS = (
					"$(inherited)",
					"@executable_path/Frameworks",
				);
				MARKETING_VERSION = 1.0;
				PRODUCT_BUNDLE_IDENTIFIER = aorti.MediQuoMobileTestApp;
				PRODUCT_NAME = "$(TARGET_NAME)";
				SWIFT_EMIT_LOC_STRINGS = YES;
				SWIFT_VERSION = 5.0;
				TARGETED_DEVICE_FAMILY = "1,2";
			};
			name = Release;
		};
		8C217B9927AAE52B005E389F /* Debug */ = {
			isa = XCBuildConfiguration;
			buildSettings = {
				ALWAYS_EMBED_SWIFT_STANDARD_LIBRARIES = YES;
				BUNDLE_LOADER = "$(TEST_HOST)";
				CODE_SIGN_STYLE = Automatic;
				CURRENT_PROJECT_VERSION = 1;
				DEVELOPMENT_TEAM = NQG7EKNA4U;
				GENERATE_INFOPLIST_FILE = YES;
				IPHONEOS_DEPLOYMENT_TARGET = 15.0;
				LD_RUNPATH_SEARCH_PATHS = (
					"$(inherited)",
					"@executable_path/Frameworks",
					"@loader_path/Frameworks",
				);
				MARKETING_VERSION = 1.0;
				PRODUCT_BUNDLE_IDENTIFIER = aorti.MediQuoMobileTestAppTests;
				PRODUCT_NAME = "$(TARGET_NAME)";
				SWIFT_EMIT_LOC_STRINGS = NO;
				SWIFT_VERSION = 5.0;
				TARGETED_DEVICE_FAMILY = "1,2";
				TEST_HOST = "$(BUILT_PRODUCTS_DIR)/MediQuoMobileTestApp.app/MediQuoMobileTestApp";
			};
			name = Debug;
		};
		8C217B9A27AAE52B005E389F /* Release */ = {
			isa = XCBuildConfiguration;
			buildSettings = {
				ALWAYS_EMBED_SWIFT_STANDARD_LIBRARIES = YES;
				BUNDLE_LOADER = "$(TEST_HOST)";
				CODE_SIGN_STYLE = Automatic;
				CURRENT_PROJECT_VERSION = 1;
				DEVELOPMENT_TEAM = NQG7EKNA4U;
				GENERATE_INFOPLIST_FILE = YES;
				IPHONEOS_DEPLOYMENT_TARGET = 15.0;
				LD_RUNPATH_SEARCH_PATHS = (
					"$(inherited)",
					"@executable_path/Frameworks",
					"@loader_path/Frameworks",
				);
				MARKETING_VERSION = 1.0;
				PRODUCT_BUNDLE_IDENTIFIER = aorti.MediQuoMobileTestAppTests;
				PRODUCT_NAME = "$(TARGET_NAME)";
				SWIFT_EMIT_LOC_STRINGS = NO;
				SWIFT_VERSION = 5.0;
				TARGETED_DEVICE_FAMILY = "1,2";
				TEST_HOST = "$(BUILT_PRODUCTS_DIR)/MediQuoMobileTestApp.app/MediQuoMobileTestApp";
			};
			name = Release;
		};
		8C217B9C27AAE52B005E389F /* Debug */ = {
			isa = XCBuildConfiguration;
			buildSettings = {
				ALWAYS_EMBED_SWIFT_STANDARD_LIBRARIES = YES;
				CODE_SIGN_STYLE = Automatic;
				CURRENT_PROJECT_VERSION = 1;
				DEVELOPMENT_TEAM = NQG7EKNA4U;
				GENERATE_INFOPLIST_FILE = YES;
				LD_RUNPATH_SEARCH_PATHS = (
					"$(inherited)",
					"@executable_path/Frameworks",
					"@loader_path/Frameworks",
				);
				MARKETING_VERSION = 1.0;
				PRODUCT_BUNDLE_IDENTIFIER = aorti.MediQuoMobileTestAppUITests;
				PRODUCT_NAME = "$(TARGET_NAME)";
				SWIFT_EMIT_LOC_STRINGS = NO;
				SWIFT_VERSION = 5.0;
				TARGETED_DEVICE_FAMILY = "1,2";
				TEST_TARGET_NAME = MediQuoMobileTestApp;
			};
			name = Debug;
		};
		8C217B9D27AAE52B005E389F /* Release */ = {
			isa = XCBuildConfiguration;
			buildSettings = {
				ALWAYS_EMBED_SWIFT_STANDARD_LIBRARIES = YES;
				CODE_SIGN_STYLE = Automatic;
				CURRENT_PROJECT_VERSION = 1;
				DEVELOPMENT_TEAM = NQG7EKNA4U;
				GENERATE_INFOPLIST_FILE = YES;
				LD_RUNPATH_SEARCH_PATHS = (
					"$(inherited)",
					"@executable_path/Frameworks",
					"@loader_path/Frameworks",
				);
				MARKETING_VERSION = 1.0;
				PRODUCT_BUNDLE_IDENTIFIER = aorti.MediQuoMobileTestAppUITests;
				PRODUCT_NAME = "$(TARGET_NAME)";
				SWIFT_EMIT_LOC_STRINGS = NO;
				SWIFT_VERSION = 5.0;
				TARGETED_DEVICE_FAMILY = "1,2";
				TEST_TARGET_NAME = MediQuoMobileTestApp;
			};
			name = Release;
		};
/* End XCBuildConfiguration section */

/* Begin XCConfigurationList section */
		8C217B6627AAE527005E389F /* Build configuration list for PBXProject "MediQuoMobileTestApp" */ = {
			isa = XCConfigurationList;
			buildConfigurations = (
				8C217B9327AAE52B005E389F /* Debug */,
				8C217B9427AAE52B005E389F /* Release */,
			);
			defaultConfigurationIsVisible = 0;
			defaultConfigurationName = Release;
		};
		8C217B9527AAE52B005E389F /* Build configuration list for PBXNativeTarget "MediQuoMobileTestApp" */ = {
			isa = XCConfigurationList;
			buildConfigurations = (
				8C217B9627AAE52B005E389F /* Debug */,
				8C217B9727AAE52B005E389F /* Release */,
			);
			defaultConfigurationIsVisible = 0;
			defaultConfigurationName = Release;
		};
		8C217B9827AAE52B005E389F /* Build configuration list for PBXNativeTarget "MediQuoMobileTestAppTests" */ = {
			isa = XCConfigurationList;
			buildConfigurations = (
				8C217B9927AAE52B005E389F /* Debug */,
				8C217B9A27AAE52B005E389F /* Release */,
			);
			defaultConfigurationIsVisible = 0;
			defaultConfigurationName = Release;
		};
		8C217B9B27AAE52B005E389F /* Build configuration list for PBXNativeTarget "MediQuoMobileTestAppUITests" */ = {
			isa = XCConfigurationList;
			buildConfigurations = (
				8C217B9C27AAE52B005E389F /* Debug */,
				8C217B9D27AAE52B005E389F /* Release */,
			);
			defaultConfigurationIsVisible = 0;
			defaultConfigurationName = Release;
		};
/* End XCConfigurationList section */

/* Begin XCRemoteSwiftPackageReference section */
		3856E43B27AB283200EF954F /* XCRemoteSwiftPackageReference "Alamofire" */ = {
			isa = XCRemoteSwiftPackageReference;
			repositoryURL = "https://github.com/Alamofire/Alamofire.git";
			requirement = {
				kind = upToNextMajorVersion;
				minimumVersion = 5.0.0;
			};
		};
		38B7BCCC27B18EF000A2FEDA /* XCRemoteSwiftPackageReference "realm-swift" */ = {
			isa = XCRemoteSwiftPackageReference;
			repositoryURL = "https://github.com/realm/realm-swift.git";
			requirement = {
				branch = master;
				kind = branch;
			};
		};
		38D6733627AED43900E65315 /* XCRemoteSwiftPackageReference "SDWebImage" */ = {
			isa = XCRemoteSwiftPackageReference;
			repositoryURL = "https://github.com/SDWebImage/SDWebImage.git";
			requirement = {
				kind = upToNextMajorVersion;
				minimumVersion = 5.0.0;
			};
		};
/* End XCRemoteSwiftPackageReference section */

/* Begin XCSwiftPackageProductDependency section */
		3856E43C27AB283200EF954F /* Alamofire */ = {
			isa = XCSwiftPackageProductDependency;
			package = 3856E43B27AB283200EF954F /* XCRemoteSwiftPackageReference "Alamofire" */;
			productName = Alamofire;
		};
		38B7BCCD27B18EF000A2FEDA /* Realm */ = {
			isa = XCSwiftPackageProductDependency;
			package = 38B7BCCC27B18EF000A2FEDA /* XCRemoteSwiftPackageReference "realm-swift" */;
			productName = Realm;
		};
		38B7BCCF27B18EF000A2FEDA /* RealmSwift */ = {
			isa = XCSwiftPackageProductDependency;
			package = 38B7BCCC27B18EF000A2FEDA /* XCRemoteSwiftPackageReference "realm-swift" */;
			productName = RealmSwift;
		};
		38D6733727AED43900E65315 /* SDWebImage */ = {
			isa = XCSwiftPackageProductDependency;
			package = 38D6733627AED43900E65315 /* XCRemoteSwiftPackageReference "SDWebImage" */;
			productName = SDWebImage;
		};
/* End XCSwiftPackageProductDependency section */
	};
	rootObject = 8C217B6327AAE527005E389F /* Project object */;
}
